<?xml version="1.0" encoding="utf-8"?>
<Project ToolsVersion="4.0" xmlns="http://schemas.microsoft.com/developer/msbuild/2003">
  <ItemGroup>
    <Filter Include="소스 파일">
      <UniqueIdentifier>{4FC737F1-C7A5-4376-A066-2A32D752A2FF}</UniqueIdentifier>
      <Extensions>cpp;c;cc;cxx;c++;cppm;ixx;def;odl;idl;hpj;bat;asm;asmx</Extensions>
    </Filter>
    <Filter Include="헤더 파일">
      <UniqueIdentifier>{93995380-89BD-4b04-88EB-625FBE52EBFB}</UniqueIdentifier>
      <Extensions>h;hh;hpp;hxx;h++;hm;inl;inc;ipp;xsd</Extensions>
    </Filter>
    <Filter Include="임시 파일">
      <UniqueIdentifier>{708f49d5-5328-4d24-b6ab-b0a3dd6e55c6}</UniqueIdentifier>
    </Filter>
    <Filter Include="텍스처 파일">
      <UniqueIdentifier>{c35eaab7-de88-4438-97a2-767c64bd3475}</UniqueIdentifier>
    </Filter>
    <Filter Include="쉐이더 파일">
      <UniqueIdentifier>{67DA6AB6-F800-4c08-8B7A-83BB121AAD01}</UniqueIdentifier>
      <Extensions>rc;ico;cur;bmp;dlg;rc2;rct;bin;rgs;gif;jpg;jpeg;jpe;resx;tiff;tif;png;wav;mfcribbon-ms</Extensions>
    </Filter>
  </ItemGroup>
  <ItemGroup>
    <ClCompile Include="_myApp_.cpp">
      <Filter>소스 파일</Filter>
    </ClCompile>
    <ClCompile Include="lodepng.cpp">
      <Filter>임시 파일</Filter>
    </ClCompile>
    <ClCompile Include="main.cpp">
      <Filter>임시 파일</Filter>
    </ClCompile>
    <ClCompile Include="resource.cpp">
      <Filter>임시 파일</Filter>
    </ClCompile>
    <ClCompile Include="river.cpp">
      <Filter>임시 파일</Filter>
    </ClCompile>
    <ClCompile Include="shader.cpp">
      <Filter>임시 파일</Filter>
    </ClCompile>
    <ClCompile Include="texture.cpp">
      <Filter>임시 파일</Filter>
    </ClCompile>
    <ClCompile Include="utility.cpp">
      <Filter>임시 파일</Filter>
    </ClCompile>
    <ClCompile Include="view.cpp">
      <Filter>임시 파일</Filter>
    </ClCompile>
  </ItemGroup>
  <ItemGroup>
    <None Include="simple_phong_vs.glsl">
      <Filter>소스 파일</Filter>
    </None>
    <None Include="simple_phong_fs.glsl">
      <Filter>소스 파일</Filter>
    </None>
    <None Include="blur_f.glsl">
      <Filter>쉐이더 파일</Filter>
    </None>
    <None Include="blur_v.glsl">
      <Filter>쉐이더 파일</Filter>
    </None>
    <None Include="flat_f.glsl">
      <Filter>쉐이더 파일</Filter>
    </None>
    <None Include="flat_g.glsl">
      <Filter>쉐이더 파일</Filter>
    </None>
    <None Include="flat_v.glsl">
      <Filter>쉐이더 파일</Filter>
    </None>
    <None Include="fog_f.glsl">
      <Filter>쉐이더 파일</Filter>
    </None>
    <None Include="fog_v.glsl">
      <Filter>쉐이더 파일</Filter>
    </None>
    <None Include="framepass_f.glsl">
      <Filter>쉐이더 파일</Filter>
    </None>
    <None Include="framepass_v.glsl">
      <Filter>쉐이더 파일</Filter>
    </None>
    <None Include="gouraud_f.glsl">
      <Filter>쉐이더 파일</Filter>
    </None>
    <None Include="gouraud_v.glsl">
      <Filter>쉐이더 파일</Filter>
    </None>
    <None Include="hide_f.glsl">
      <Filter>쉐이더 파일</Filter>
    </None>
    <None Include="hide_v.glsl">
      <Filter>쉐이더 파일</Filter>
    </None>
    <None Include="phong_f.glsl">
      <Filter>쉐이더 파일</Filter>
    </None>
    <None Include="phong_g.glsl">
      <Filter>쉐이더 파일</Filter>
    </None>
    <None Include="phong_v.glsl">
      <Filter>쉐이더 파일</Filter>
    </None>
    <None Include="ssao_f.glsl">
      <Filter>쉐이더 파일</Filter>
    </None>
    <None Include="ssao_v.glsl">
      <Filter>쉐이더 파일</Filter>
    </None>
    <None Include="wire_f.glsl">
      <Filter>쉐이더 파일</Filter>
    </None>
    <None Include="wire_g.glsl">
      <Filter>쉐이더 파일</Filter>
    </None>
    <None Include="wire_v.glsl">
      <Filter>쉐이더 파일</Filter>
    </None>
  </ItemGroup>
  <ItemGroup>
    <ClInclude Include="stb_image.h">
      <Filter>헤더 파일</Filter>
    </ClInclude>
    <ClInclude Include="Model.h">
      <Filter>헤더 파일</Filter>
    </ClInclude>
    <ClInclude Include="control.h">
      <Filter>임시 파일</Filter>
    </ClInclude>
    <ClInclude Include="debug.h">
      <Filter>임시 파일</Filter>
    </ClInclude>
    <ClInclude Include="deco.h">
      <Filter>임시 파일</Filter>
    </ClInclude>
    <ClInclude Include="enemy.h">
      <Filter>임시 파일</Filter>
    </ClInclude>
    <ClInclude Include="framebuffer.h">
      <Filter>임시 파일</Filter>
    </ClInclude>
    <ClInclude Include="game.h">
      <Filter>임시 파일</Filter>
    </ClInclude>
    <ClInclude Include="generator.h">
      <Filter>임시 파일</Filter>
    </ClInclude>
    <ClInclude Include="InitShader.h">
      <Filter>임시 파일</Filter>
    </ClInclude>
    <ClInclude Include="key.h">
      <Filter>임시 파일</Filter>
    </ClInclude>
    <ClInclude Include="light.h">
      <Filter>임시 파일</Filter>
    </ClInclude>
    <ClInclude Include="lodepng.h">
      <Filter>임시 파일</Filter>
    </ClInclude>
    <ClInclude Include="mat.h">
      <Filter>임시 파일</Filter>
    </ClInclude>
    <ClInclude Include="modelold.h">
      <Filter>임시 파일</Filter>
    </ClInclude>
    <ClInclude Include="null.h">
      <Filter>임시 파일</Filter>
    </ClInclude>
    <ClInclude Include="object.h">
      <Filter>임시 파일</Filter>
    </ClInclude>
    <ClInclude Include="player.h">
      <Filter>임시 파일</Filter>
    </ClInclude>
    <ClInclude Include="resource.h">
      <Filter>임시 파일</Filter>
    </ClInclude>
    <ClInclude Include="river.h">
      <Filter>임시 파일</Filter>
    </ClInclude>
    <ClInclude Include="shader.h">
      <Filter>임시 파일</Filter>
    </ClInclude>
    <ClInclude Include="texture.h">
      <Filter>임시 파일</Filter>
    </ClInclude>
    <ClInclude Include="utility.h">
      <Filter>임시 파일</Filter>
    </ClInclude>
    <ClInclude Include="vec.h">
      <Filter>임시 파일</Filter>
    </ClInclude>
    <ClInclude Include="view.h">
      <Filter>임시 파일</Filter>
    </ClInclude>
  </ItemGroup>
  <ItemGroup>
    <Image Include="car.png">
      <Filter>텍스처 파일</Filter>
    </Image>
    <Image Include="chicken.png">
      <Filter>텍스처 파일</Filter>
    </Image>
    <Image Include="gorani_whole.png">
      <Filter>텍스처 파일</Filter>
    </Image>
    <Image Include="grass.png">
      <Filter>텍스처 파일</Filter>
    </Image>
    <Image Include="log.png">
      <Filter>텍스처 파일</Filter>
    </Image>
    <Image Include="noise.png">
      <Filter>텍스처 파일</Filter>
    </Image>
    <Image Include="normal_car.png">
      <Filter>텍스처 파일</Filter>
    </Image>
    <Image Include="normal_chicken.png">
      <Filter>텍스처 파일</Filter>
    </Image>
    <Image Include="normal_flat.png">
      <Filter>텍스처 파일</Filter>
    </Image>
    <Image Include="normal_grass.png">
      <Filter>텍스처 파일</Filter>
    </Image>
    <Image Include="normal_log.png">
      <Filter>텍스처 파일</Filter>
    </Image>
    <Image Include="normal_road.png">
      <Filter>텍스처 파일</Filter>
    </Image>
    <Image Include="normal_test.png">
      <Filter>텍스처 파일</Filter>
    </Image>
    <Image Include="normal_tree.png">
      <Filter>텍스처 파일</Filter>
    </Image>
    <Image Include="normal_tunnel.png">
      <Filter>텍스처 파일</Filter>
    </Image>
    <Image Include="normal_water.png">
      <Filter>텍스처 파일</Filter>
    </Image>
    <Image Include="road.png">
      <Filter>텍스처 파일</Filter>
    </Image>
    <Image Include="streetlight.png">
      <Filter>텍스처 파일</Filter>
    </Image>
    <Image Include="test.png">
      <Filter>텍스처 파일</Filter>
    </Image>
    <Image Include="tree.png">
      <Filter>텍스처 파일</Filter>
    </Image>
    <Image Include="tunnel.png">
      <Filter>텍스처 파일</Filter>
    </Image>
    <Image Include="water.png">
      <Filter>텍스처 파일</Filter>
    </Image>
    <Image Include="wheel.png">
      <Filter>텍스처 파일</Filter>
    </Image>
    <Image Include="white.png">
      <Filter>텍스처 파일</Filter>
    </Image>
  </ItemGroup>
</Project>